
Microsoft Visual Studio Solution File, Format Version 12.00
# Visual Studio Version 17
VisualStudioVersion = 17.0.31912.275
MinimumVisualStudioVersion = 10.0.40219.1
Project("{FAE04EC0-301F-11D3-BF4B-00C04F79EFBC}") = "Entidades", "Entidades\Entidades.csproj", "{B2979566-6193-469C-82AC-6C20232E4737}"
EndProject
Global
	GlobalSection(SolutionConfigurationPlatforms) = preSolution
		Debug|Any CPU = Debug|Any CPU
		Release|Any CPU = Release|Any CPU
	EndGlobalSection
	GlobalSection(ProjectConfigurationPlatforms) = postSolution
		{B2979566-6193-469C-82AC-6C20232E4737}.Debug|Any CPU.ActiveCfg = Debug|Any CPU
		{B2979566-6193-469C-82AC-6C20232E4737}.Debug|Any CPU.Build.0 = Debug|Any CPU
		{B2979566-6193-469C-82AC-6C20232E4737}.Release|Any CPU.ActiveCfg = Release|Any CPU
		{B2979566-6193-469C-82AC-6C20232E4737}.Release|Any CPU.Build.0 = Release|Any CPU
	EndGlobalSection
	GlobalSection(SolutionProperties) = preSolution
		HideSolutionNode = FALSE
	EndGlobalSection
	GlobalSection(ExtensibilityGlobals) = postSolution
		SolutionGuid = {35CF478B-38CA-4FA2-AD61-0659F3354381}
	EndGlobalSection
EndGlobal
